// !$*UTF8*$!
{
	archiveVersion = 1;
	classes = {
	};
	objectVersion = 77;
	objects = {

/* Begin PBXContainerItemProxy section */
		A658BD972D8A991A00C5E779 /* PBXContainerItemProxy */ = {
			isa = PBXContainerItemProxy;
			containerPortal = A658BD7E2D8A991700C5E779 /* Project object */;
			proxyType = 1;
			remoteGlobalIDString = A658BD852D8A991800C5E779;
			remoteInfo = FormSubmission;
		};
		A658BDA12D8A991A00C5E779 /* PBXContainerItemProxy */ = {
			isa = PBXContainerItemProxy;
			containerPortal = A658BD7E2D8A991700C5E779 /* Project object */;
			proxyType = 1;
			remoteGlobalIDString = A658BD852D8A991800C5E779;
			remoteInfo = FormSubmission;
		};
/* End PBXContainerItemProxy section */

/* Begin PBXFileReference section */
		A658BD862D8A991800C5E779 /* FormSubmission.app */ = {isa = PBXFileReference; explicitFileType = wrapper.application; includeInIndex = 0; path = FormSubmission.app; sourceTree = BUILT_PRODUCTS_DIR; };
		A658BD962D8A991A00C5E779 /* FormSubmissionTests.xctest */ = {isa = PBXFileReference; explicitFileType = wrapper.cfbundle; includeInIndex = 0; path = FormSubmissionTests.xctest; sourceTree = BUILT_PRODUCTS_DIR; };
		A658BDA02D8A991A00C5E779 /* FormSubmissionUITests.xctest */ = {isa = PBXFileReference; explicitFileType = wrapper.cfbundle; includeInIndex = 0; path = FormSubmissionUITests.xctest; sourceTree = BUILT_PRODUCTS_DIR; };
/* End PBXFileReference section */

/* Begin PBXFileSystemSynchronizedRootGroup section */
		A658BD882D8A991800C5E779 /* FormSubmission */ = {
			isa = PBXFileSystemSynchronizedRootGroup;
			path = FormSubmission;
			sourceTree = "<group>";
		};
		A658BD992D8A991A00C5E779 /* FormSubmissionTests */ = {
			isa = PBXFileSystemSynchronizedRootGroup;
			path = FormSubmissionTests;
			sourceTree = "<group>";
		};
		A658BDA32D8A991A00C5E779 /* FormSubmissionUITests */ = {
			isa = PBXFileSystemSynchronizedRootGroup;
			path = FormSubmissionUITests;
			sourceTree = "<group>";
		};
/* End PBXFileSystemSynchronizedRootGroup section */

/* Begin PBXFrameworksBuildPhase section */
		A658BD832D8A991800C5E779 /* Frameworks */ = {
			isa = PBXFrameworksBuildPhase;
			buildActionMask = 2147483647;
			files = (
			);
			runOnlyForDeploymentPostprocessing = 0;
		};
		A658BD932D8A991A00C5E779 /* Frameworks */ = {
			isa = PBXFrameworksBuildPhase;
			buildActionMask = 2147483647;
			files = (
			);
			runOnlyForDeploymentPostprocessing = 0;
		};
		A658BD9D2D8A991A00C5E779 /* Frameworks */ = {
			isa = PBXFrameworksBuildPhase;
			buildActionMask = 2147483647;
			files = (
			);
			runOnlyForDeploymentPostprocessing = 0;
		};
/* End PBXFrameworksBuildPhase section */

/* Begin PBXGroup section */
		A658BD7D2D8A991700C5E779 = {
			isa = PBXGroup;
			children = (
				A658BD882D8A991800C5E779 /* FormSubmission */,
				A658BD992D8A991A00C5E779 /* FormSubmissionTests */,
				A658BDA32D8A991A00C5E779 /* FormSubmissionUITests */,
				A658BD872D8A991800C5E779 /* Products */,
			);
			sourceTree = "<group>";
		};
		A658BD872D8A991800C5E779 /* Products */ = {
			isa = PBXGroup;
			children = (
				A658BD862D8A991800C5E779 /* FormSubmission.app */,
				A658BD962D8A991A00C5E779 /* FormSubmissionTests.xctest */,
				A658BDA02D8A991A00C5E779 /* FormSubmissionUITests.xctest */,
			);
			name = Products;
			sourceTree = "<group>";
		};
/* End PBXGroup section */

/* Begin PBXNativeTarget section */
		A658BD852D8A991800C5E779 /* FormSubmission */ = {
			isa = PBXNativeTarget;
			buildConfigurationList = A658BDAA2D8A991A00C5E779 /* Build configuration list for PBXNativeTarget "FormSubmission" */;
			buildPhases = (
				A658BD822D8A991800C5E779 /* Sources */,
				A658BD832D8A991800C5E779 /* Frameworks */,
				A658BD842D8A991800C5E779 /* Resources */,
			);
			buildRules = (
			);
			dependencies = (
			);
			fileSystemSynchronizedGroups = (
				A658BD882D8A991800C5E779 /* FormSubmission */,
			);
			name = FormSubmission;
			packageProductDependencies = (
			);
			productName = FormSubmission;
			productReference = A658BD862D8A991800C5E779 /* FormSubmission.app */;
			productType = "com.apple.product-type.application";
		};
		A658BD952D8A991A00C5E779 /* FormSubmissionTests */ = {
			isa = PBXNativeTarget;
			buildConfigurationList = A658BDAD2D8A991A00C5E779 /* Build configuration list for PBXNativeTarget "FormSubmissionTests" */;
			buildPhases = (
				A658BD922D8A991A00C5E779 /* Sources */,
				A658BD932D8A991A00C5E779 /* Frameworks */,
				A658BD942D8A991A00C5E779 /* Resources */,
			);
			buildRules = (
			);
			dependencies = (
				A658BD982D8A991A00C5E779 /* PBXTargetDependency */,
			);
			fileSystemSynchronizedGroups = (
				A658BD992D8A991A00C5E779 /* FormSubmissionTests */,
			);
			name = FormSubmissionTests;
			packageProductDependencies = (
			);
			productName = FormSubmissionTests;
			productReference = A658BD962D8A991A00C5E779 /* FormSubmissionTests.xctest */;
			productType = "com.apple.product-type.bundle.unit-test";
		};
		A658BD9F2D8A991A00C5E779 /* FormSubmissionUITests */ = {
			isa = PBXNativeTarget;
			buildConfigurationList = A658BDB02D8A991A00C5E779 /* Build configuration list for PBXNativeTarget "FormSubmissionUITests" */;
			buildPhases = (
				A658BD9C2D8A991A00C5E779 /* Sources */,
				A658BD9D2D8A991A00C5E779 /* Frameworks */,
				A658BD9E2D8A991A00C5E779 /* Resources */,
			);
			buildRules = (
			);
			dependencies = (
				A658BDA22D8A991A00C5E779 /* PBXTargetDependency */,
			);
			fileSystemSynchronizedGroups = (
				A658BDA32D8A991A00C5E779 /* FormSubmissionUITests */,
			);
			name = FormSubmissionUITests;
			packageProductDependencies = (
			);
			productName = FormSubmissionUITests;
			productReference = A658BDA02D8A991A00C5E779 /* FormSubmissionUITests.xctest */;
			productType = "com.apple.product-type.bundle.ui-testing";
		};
/* End PBXNativeTarget section */

/* Begin PBXProject section */
		A658BD7E2D8A991700C5E779 /* Project object */ = {
			isa = PBXProject;
			attributes = {
				BuildIndependentTargetsInParallel = 1;
				LastSwiftUpdateCheck = 1620;
				LastUpgradeCheck = 1620;
				TargetAttributes = {
					A658BD852D8A991800C5E779 = {
						CreatedOnToolsVersion = 16.2;
					};
					A658BD952D8A991A00C5E779 = {
						CreatedOnToolsVersion = 16.2;
						TestTargetID = A658BD852D8A991800C5E779;
					};
					A658BD9F2D8A991A00C5E779 = {
						CreatedOnToolsVersion = 16.2;
						TestTargetID = A658BD852D8A991800C5E779;
					};
				};
			};
			buildConfigurationList = A658BD812D8A991700C5E779 /* Build configuration list for PBXProject "FormSubmission" */;
			developmentRegion = en;
			hasScannedForEncodings = 0;
			knownRegions = (
				en,
				Base,
			);
			mainGroup = A658BD7D2D8A991700C5E779;
			minimizedProjectReferenceProxies = 1;
			preferredProjectObjectVersion = 77;
			productRefGroup = A658BD872D8A991800C5E779 /* Products */;
			projectDirPath = "";
			projectRoot = "";
			targets = (
				A658BD852D8A991800C5E779 /* FormSubmission */,
				A658BD952D8A991A00C5E779 /* FormSubmissionTests */,
				A658BD9F2D8A991A00C5E779 /* FormSubmissionUITests */,
			);
		};
/* End PBXProject section */

/* Begin PBXResourcesBuildPhase section */
		A658BD842D8A991800C5E779 /* Resources */ = {
			isa = PBXResourcesBuildPhase;
			buildActionMask = 2147483647;
			files = (
			);
			runOnlyForDeploymentPostprocessing = 0;
		};
		A658BD942D8A991A00C5E779 /* Resources */ = {
			isa = PBXResourcesBuildPhase;
			buildActionMask = 2147483647;
			files = (
			);
			runOnlyForDeploymentPostprocessing = 0;
		};
		A658BD9E2D8A991A00C5E779 /* Resources */ = {
			isa = PBXResourcesBuildPhase;
			buildActionMask = 2147483647;
			files = (
			);
			runOnlyForDeploymentPostprocessing = 0;
		};
/* End PBXResourcesBuildPhase section */

/* Begin PBXSourcesBuildPhase section */
		A658BD822D8A991800C5E779 /* Sources */ = {
			isa = PBXSourcesBuildPhase;
			buildActionMask = 2147483647;
			files = (
			);
			runOnlyForDeploymentPostprocessing = 0;
		};
		A658BD922D8A991A00C5E779 /* Sources */ = {
			isa = PBXSourcesBuildPhase;
			buildActionMask = 2147483647;
			files = (
			);
			runOnlyForDeploymentPostprocessing = 0;
		};
		A658BD9C2D8A991A00C5E779 /* Sources */ = {
			isa = PBXSourcesBuildPhase;
			buildActionMask = 2147483647;
			files = (
			);
			runOnlyForDeploymentPostprocessing = 0;
		};
/* End PBXSourcesBuildPhase section */

/* Begin PBXTargetDependency section */
		A658BD982D8A991A00C5E779 /* PBXTargetDependency */ = {
			isa = PBXTargetDependency;
			target = A658BD852D8A991800C5E779 /* FormSubmission */;
			targetProxy = A658BD972D8A991A00C5E779 /* PBXContainerItemProxy */;
		};
		A658BDA22D8A991A00C5E779 /* PBXTargetDependency */ = {
			isa = PBXTargetDependency;
			target = A658BD852D8A991800C5E779 /* FormSubmission */;
			targetProxy = A658BDA12D8A991A00C5E779 /* PBXContainerItemProxy */;
		};
/* End PBXTargetDependency section */

/* Begin XCBuildConfiguration section */
		A658BDA82D8A991A00C5E779 /* Debug */ = {
			isa = XCBuildConfiguration;
			buildSettings = {
				ALWAYS_SEARCH_USER_PATHS = NO;
				ASSETCATALOG_COMPILER_GENERATE_SWIFT_ASSET_SYMBOL_EXTENSIONS = YES;
				CLANG_ANALYZER_NONNULL = YES;
				CLANG_ANALYZER_NUMBER_OBJECT_CONVERSION = YES_AGGRESSIVE;
				CLANG_CXX_LANGUAGE_STANDARD = "gnu++20";
				CLANG_ENABLE_MODULES = YES;
				CLANG_ENABLE_OBJC_ARC = YES;
				CLANG_ENABLE_OBJC_WEAK = YES;
				CLANG_WARN_BLOCK_CAPTURE_AUTORELEASING = YES;
				CLANG_WARN_BOOL_CONVERSION = YES;
				CLANG_WARN_COMMA = YES;
				CLANG_WARN_CONSTANT_CONVERSION = YES;
				CLANG_WARN_DEPRECATED_OBJC_IMPLEMENTATIONS = YES;
				CLANG_WARN_DIRECT_OBJC_ISA_USAGE = YES_ERROR;
				CLANG_WARN_DOCUMENTATION_COMMENTS = YES;
				CLANG_WARN_EMPTY_BODY = YES;
				CLANG_WARN_ENUM_CONVERSION = YES;
				CLANG_WARN_INFINITE_RECURSION = YES;
				CLANG_WARN_INT_CONVERSION = YES;
				CLANG_WARN_NON_LITERAL_NULL_CONVERSION = YES;
				CLANG_WARN_OBJC_IMPLICIT_RETAIN_SELF = YES;
				CLANG_WARN_OBJC_LITERAL_CONVERSION = YES;
				CLANG_WARN_OBJC_ROOT_CLASS = YES_ERROR;
				CLANG_WARN_QUOTED_INCLUDE_IN_FRAMEWORK_HEADER = YES;
				CLANG_WARN_RANGE_LOOP_ANALYSIS = YES;
				CLANG_WARN_STRICT_PROTOTYPES = YES;
				CLANG_WARN_SUSPICIOUS_MOVE = YES;
				CLANG_WARN_UNGUARDED_AVAILABILITY = YES_AGGRESSIVE;
				CLANG_WARN_UNREACHABLE_CODE = YES;
				CLANG_WARN__DUPLICATE_METHOD_MATCH = YES;
				COPY_PHASE_STRIP = NO;
				DEBUG_INFORMATION_FORMAT = dwarf;
				ENABLE_STRICT_OBJC_MSGSEND = YES;
				ENABLE_TESTABILITY = YES;
				ENABLE_USER_SCRIPT_SANDBOXING = YES;
				GCC_C_LANGUAGE_STANDARD = gnu17;
				GCC_DYNAMIC_NO_PIC = NO;
				GCC_NO_COMMON_BLOCKS = YES;
				GCC_OPTIMIZATION_LEVEL = 0;
				GCC_PREPROCESSOR_DEFINITIONS = (
					"DEBUG=1",
					"$(inherited)",
				);
				GCC_WARN_64_TO_32_BIT_CONVERSION = YES;
				GCC_WARN_ABOUT_RETURN_TYPE = YES_ERROR;
				GCC_WARN_UNDECLARED_SELECTOR = YES;
				GCC_WARN_UNINITIALIZED_AUTOS = YES_AGGRESSIVE;
				GCC_WARN_UNUSED_FUNCTION = YES;
				GCC_WARN_UNUSED_VARIABLE = YES;
				IPHONEOS_DEPLOYMENT_TARGET = 18.2;
				LOCALIZATION_PREFERS_STRING_CATALOGS = YES;
				MTL_ENABLE_DEBUG_INFO = INCLUDE_SOURCE;
				MTL_FAST_MATH = YES;
				ONLY_ACTIVE_ARCH = YES;
				SDKROOT = iphoneos;
				SWIFT_ACTIVE_COMPILATION_CONDITIONS = "DEBUG $(inherited)";
				SWIFT_OPTIMIZATION_LEVEL = "-Onone";
			};
			name = Debug;
		};
		A658BDA92D8A991A00C5E779 /* Release */ = {
			isa = XCBuildConfiguration;
			buildSettings = {
				ALWAYS_SEARCH_USER_PATHS = NO;
				ASSETCATALOG_COMPILER_GENERATE_SWIFT_ASSET_SYMBOL_EXTENSIONS = YES;
				CLANG_ANALYZER_NONNULL = YES;
				CLANG_ANALYZER_NUMBER_OBJECT_CONVERSION = YES_AGGRESSIVE;
				CLANG_CXX_LANGUAGE_STANDARD = "gnu++20";
				CLANG_ENABLE_MODULES = YES;
				CLANG_ENABLE_OBJC_ARC = YES;
				CLANG_ENABLE_OBJC_WEAK = YES;
				CLANG_WARN_BLOCK_CAPTURE_AUTORELEASING = YES;
				CLANG_WARN_BOOL_CONVERSION = YES;
				CLANG_WARN_COMMA = YES;
				CLANG_WARN_CONSTANT_CONVERSION = YES;
				CLANG_WARN_DEPRECATED_OBJC_IMPLEMENTATIONS = YES;
				CLANG_WARN_DIRECT_OBJC_ISA_USAGE = YES_ERROR;
				CLANG_WARN_DOCUMENTATION_COMMENTS = YES;
				CLANG_WARN_EMPTY_BODY = YES;
				CLANG_WARN_ENUM_CONVERSION = YES;
				CLANG_WARN_INFINITE_RECURSION = YES;
				CLANG_WARN_INT_CONVERSION = YES;
				CLANG_WARN_NON_LITERAL_NULL_CONVERSION = YES;
				CLANG_WARN_OBJC_IMPLICIT_RETAIN_SELF = YES;
				CLANG_WARN_OBJC_LITERAL_CONVERSION = YES;
				CLANG_WARN_OBJC_ROOT_CLASS = YES_ERROR;
				CLANG_WARN_QUOTED_INCLUDE_IN_FRAMEWORK_HEADER = YES;
				CLANG_WARN_RANGE_LOOP_ANALYSIS = YES;
				CLANG_WARN_STRICT_PROTOTYPES = YES;
				CLANG_WARN_SUSPICIOUS_MOVE = YES;
				CLANG_WARN_UNGUARDED_AVAILABILITY = YES_AGGRESSIVE;
				CLANG_WARN_UNREACHABLE_CODE = YES;
				CLANG_WARN__DUPLICATE_METHOD_MATCH = YES;
				COPY_PHASE_STRIP = NO;
				DEBUG_INFORMATION_FORMAT = "dwarf-with-dsym";
				ENABLE_NS_ASSERTIONS = NO;
				ENABLE_STRICT_OBJC_MSGSEND = YES;
				ENABLE_USER_SCRIPT_SANDBOXING = YES;
				GCC_C_LANGUAGE_STANDARD = gnu17;
				GCC_NO_COMMON_BLOCKS = YES;
				GCC_WARN_64_TO_32_BIT_CONVERSION = YES;
				GCC_WARN_ABOUT_RETURN_TYPE = YES_ERROR;
				GCC_WARN_UNDECLARED_SELECTOR = YES;
				GCC_WARN_UNINITIALIZED_AUTOS = YES_AGGRESSIVE;
				GCC_WARN_UNUSED_FUNCTION = YES;
				GCC_WARN_UNUSED_VARIABLE = YES;
				IPHONEOS_DEPLOYMENT_TARGET = 18.2;
				LOCALIZATION_PREFERS_STRING_CATALOGS = YES;
				MTL_ENABLE_DEBUG_INFO = NO;
				MTL_FAST_MATH = YES;
				SDKROOT = iphoneos;
				SWIFT_COMPILATION_MODE = wholemodule;
				VALIDATE_PRODUCT = YES;
			};
			name = Release;
		};
		A658BDAB2D8A991A00C5E779 /* Debug */ = {
			isa = XCBuildConfiguration;
			buildSettings = {
				ASSETCATALOG_COMPILER_APPICON_NAME = AppIcon;
				ASSETCATALOG_COMPILER_GLOBAL_ACCENT_COLOR_NAME = AccentColor;
				CODE_SIGN_STYLE = Automatic;
				CURRENT_PROJECT_VERSION = 1;
				DEVELOPMENT_ASSET_PATHS = "\"FormSubmission/Preview Content\"";
				DEVELOPMENT_TEAM = P4822XB343;
				ENABLE_PREVIEWS = YES;
				GENERATE_INFOPLIST_FILE = YES;
				INFOPLIST_KEY_UIApplicationSceneManifest_Generation = YES;
				INFOPLIST_KEY_UIApplicationSupportsIndirectInputEvents = YES;
				INFOPLIST_KEY_UILaunchScreen_Generation = YES;
				INFOPLIST_KEY_UISupportedInterfaceOrientations_iPad = "UIInterfaceOrientationPortrait UIInterfaceOrientationPortraitUpsideDown UIInterfaceOrientationLandscapeLeft UIInterfaceOrientationLandscapeRight";
				INFOPLIST_KEY_UISupportedInterfaceOrientations_iPhone = "UIInterfaceOrientationPortrait UIInterfaceOrientationLandscapeLeft UIInterfaceOrientationLandscapeRight";
				LD_RUNPATH_SEARCH_PATHS = (
					"$(inherited)",
					"@executable_path/Frameworks",
				);
				MARKETING_VERSION = 1.0;
				PRODUCT_BUNDLE_IDENTIFIER = com.Anshh.FormSubmission;
				PRODUCT_NAME = "$(TARGET_NAME)";
				SWIFT_EMIT_LOC_STRINGS = YES;
				SWIFT_VERSION = 5.0;
				TARGETED_DEVICE_FAMILY = "1,2";
			};
			name = Debug;
		};
		A658BDAC2D8A991A00C5E779 /* Release */ = {
			isa = XCBuildConfiguration;
			buildSettings = {
				ASSETCATALOG_COMPILER_APPICON_NAME = AppIcon;
				ASSETCATALOG_COMPILER_GLOBAL_ACCENT_COLOR_NAME = AccentColor;
				CODE_SIGN_STYLE = Automatic;
				CURRENT_PROJECT_VERSION = 1;
				DEVELOPMENT_ASSET_PATHS = "\"FormSubmission/Preview Content\"";
				DEVELOPMENT_TEAM = P4822XB343;
				ENABLE_PREVIEWS = YES;
				GENERATE_INFOPLIST_FILE = YES;
				INFOPLIST_KEY_UIApplicationSceneManifest_Generation = YES;
				INFOPLIST_KEY_UIApplicationSupportsIndirectInputEvents = YES;
				INFOPLIST_KEY_UILaunchScreen_Generation = YES;
				INFOPLIST_KEY_UISupportedInterfaceOrientations_iPad = "UIInterfaceOrientationPortrait UIInterfaceOrientationPortraitUpsideDown UIInterfaceOrientationLandscapeLeft UIInterfaceOrientationLandscapeRight";
				INFOPLIST_KEY_UISupportedInterfaceOrientations_iPhone = "UIInterfaceOrientationPortrait UIInterfaceOrientationLandscapeLeft UIInterfaceOrientationLandscapeRight";
				LD_RUNPATH_SEARCH_PATHS = (
					"$(inherited)",
					"@executable_path/Frameworks",
				);
				MARKETING_VERSION = 1.0;
				PRODUCT_BUNDLE_IDENTIFIER = com.Anshh.FormSubmission;
				PRODUCT_NAME = "$(TARGET_NAME)";
				SWIFT_EMIT_LOC_STRINGS = YES;
				SWIFT_VERSION = 5.0;
				TARGETED_DEVICE_FAMILY = "1,2";
			};
			name = Release;
		};
		A658BDAE2D8A991A00C5E779 /* Debug */ = {
			isa = XCBuildConfiguration;
			buildSettings = {
				BUNDLE_LOADER = "$(TEST_HOST)";
				CODE_SIGN_STYLE = Automatic;
				CURRENT_PROJECT_VERSION = 1;
				DEVELOPMENT_TEAM = P4822XB343;
				GENERATE_INFOPLIST_FILE = YES;
				IPHONEOS_DEPLOYMENT_TARGET = 18.2;
				MARKETING_VERSION = 1.0;
				PRODUCT_BUNDLE_IDENTIFIER = com.Anshh.FormSubmissionTests;
				PRODUCT_NAME = "$(TARGET_NAME)";
				SWIFT_EMIT_LOC_STRINGS = NO;
				SWIFT_VERSION = 5.0;
				TARGETED_DEVICE_FAMILY = "1,2";
				TEST_HOST = "$(BUILT_PRODUCTS_DIR)/FormSubmission.app/$(BUNDLE_EXECUTABLE_FOLDER_PATH)/FormSubmission";
			};
			name = Debug;
		};
		A658BDAF2D8A991A00C5E779 /* Release */ = {
			isa = XCBuildConfiguration;
			buildSettings = {
				BUNDLE_LOADER = "$(TEST_HOST)";
				CODE_SIGN_STYLE = Automatic;
				CURRENT_PROJECT_VERSION = 1;
				DEVELOPMENT_TEAM = P4822XB343;
				GENERATE_INFOPLIST_FILE = YES;
				IPHONEOS_DEPLOYMENT_TARGET = 18.2;
				MARKETING_VERSION = 1.0;
				PRODUCT_BUNDLE_IDENTIFIER = com.Anshh.FormSubmissionTests;
				PRODUCT_NAME = "$(TARGET_NAME)";
				SWIFT_EMIT_LOC_STRINGS = NO;
				SWIFT_VERSION = 5.0;
				TARGETED_DEVICE_FAMILY = "1,2";
				TEST_HOST = "$(BUILT_PRODUCTS_DIR)/FormSubmission.app/$(BUNDLE_EXECUTABLE_FOLDER_PATH)/FormSubmission";
			};
			name = Release;
		};
		A658BDB12D8A991A00C5E779 /* Debug */ = {
			isa = XCBuildConfiguration;
			buildSettings = {
				CODE_SIGN_STYLE = Automatic;
				CURRENT_PROJECT_VERSION = 1;
				DEVELOPMENT_TEAM = P4822XB343;
				GENERATE_INFOPLIST_FILE = YES;
				MARKETING_VERSION = 1.0;
				PRODUCT_BUNDLE_IDENTIFIER = com.Anshh.FormSubmissionUITests;
				PRODUCT_NAME = "$(TARGET_NAME)";
				SWIFT_EMIT_LOC_STRINGS = NO;
				SWIFT_VERSION = 5.0;
				TARGETED_DEVICE_FAMILY = "1,2";
				TEST_TARGET_NAME = FormSubmission;
			};
			name = Debug;
		};
		A658BDB22D8A991A00C5E779 /* Release */ = {
			isa = XCBuildConfiguration;
			buildSettings = {
				CODE_SIGN_STYLE = Automatic;
				CURRENT_PROJECT_VERSION = 1;
				DEVELOPMENT_TEAM = P4822XB343;
				GENERATE_INFOPLIST_FILE = YES;
				MARKETING_VERSION = 1.0;
				PRODUCT_BUNDLE_IDENTIFIER = com.Anshh.FormSubmissionUITests;
				PRODUCT_NAME = "$(TARGET_NAME)";
				SWIFT_EMIT_LOC_STRINGS = NO;
				SWIFT_VERSION = 5.0;
				TARGETED_DEVICE_FAMILY = "1,2";
				TEST_TARGET_NAME = FormSubmission;
			};
			name = Release;
		};
/* End XCBuildConfiguration section */

/* Begin XCConfigurationList section */
		A658BD812D8A991700C5E779 /* Build configuration list for PBXProject "FormSubmission" */ = {
			isa = XCConfigurationList;
			buildConfigurations = (
				A658BDA82D8A991A00C5E779 /* Debug */,
				A658BDA92D8A991A00C5E779 /* Release */,
			);
			defaultConfigurationIsVisible = 0;
			defaultConfigurationName = Release;
		};
		A658BDAA2D8A991A00C5E779 /* Build configuration list for PBXNativeTarget "FormSubmission" */ = {
			isa = XCConfigurationList;
			buildConfigurations = (
				A658BDAB2D8A991A00C5E779 /* Debug */,
				A658BDAC2D8A991A00C5E779 /* Release */,
			);
			defaultConfigurationIsVisible = 0;
			defaultConfigurationName = Release;
		};
		A658BDAD2D8A991A00C5E779 /* Build configuration list for PBXNativeTarget "FormSubmissionTests" */ = {
			isa = XCConfigurationList;
			buildConfigurations = (
				A658BDAE2D8A991A00C5E779 /* Debug */,
				A658BDAF2D8A991A00C5E779 /* Release */,
			);
			defaultConfigurationIsVisible = 0;
			defaultConfigurationName = Release;
		};
		A658BDB02D8A991A00C5E779 /* Build configuration list for PBXNativeTarget "FormSubmissionUITests" */ = {
			isa = XCConfigurationList;
			buildConfigurations = (
				A658BDB12D8A991A00C5E779 /* Debug */,
				A658BDB22D8A991A00C5E779 /* Release */,
			);
			defaultConfigurationIsVisible = 0;
			defaultConfigurationName = Release;
		};
/* End XCConfigurationList section */
	};
	rootObject = A658BD7E2D8A991700C5E779 /* Project object */;
}
